// !$*UTF8*$!
{
	archiveVersion = 1;
	classes = {
	};
	objectVersion = 51;
	objects = {

/* Begin PBXBuildFile section */
		AA1156BE2363D97F00169930 /* MovieGridViewController.swift in Sources */ = {isa = PBXBuildFile; fileRef = AA1156BD2363D97F00169930 /* MovieGridViewController.swift */; };
		AA1156C02363EE6600169930 /* MovieGridCell.swift in Sources */ = {isa = PBXBuildFile; fileRef = AA1156BF2363EE6600169930 /* MovieGridCell.swift */; };
		AA143426235FA5AF0009437C /* Pods_Flix.framework in Frameworks */ = {isa = PBXBuildFile; fileRef = A0367FE5560261676295A00F /* Pods_Flix.framework */; };
		AA143427235FA5AF0009437C /* Pods_Flix.framework in Embed Frameworks */ = {isa = PBXBuildFile; fileRef = A0367FE5560261676295A00F /* Pods_Flix.framework */; settings = {ATTRIBUTES = (CodeSignOnCopy, RemoveHeadersOnCopy, ); }; };
		AA64D3D72362839A00F18E03 /* MovieDetailsViewController.swift in Sources */ = {isa = PBXBuildFile; fileRef = AA64D3D62362839A00F18E03 /* MovieDetailsViewController.swift */; };
		AAF9EC52235938A200B2677B /* AppDelegate.swift in Sources */ = {isa = PBXBuildFile; fileRef = AAF9EC51235938A200B2677B /* AppDelegate.swift */; };
		AAF9EC54235938A200B2677B /* SceneDelegate.swift in Sources */ = {isa = PBXBuildFile; fileRef = AAF9EC53235938A200B2677B /* SceneDelegate.swift */; };
		AAF9EC59235938A200B2677B /* Main.storyboard in Resources */ = {isa = PBXBuildFile; fileRef = AAF9EC57235938A200B2677B /* Main.storyboard */; };
		AAF9EC5B235938A400B2677B /* Assets.xcassets in Resources */ = {isa = PBXBuildFile; fileRef = AAF9EC5A235938A400B2677B /* Assets.xcassets */; };
		AAF9EC5E235938A400B2677B /* LaunchScreen.storyboard in Resources */ = {isa = PBXBuildFile; fileRef = AAF9EC5C235938A400B2677B /* LaunchScreen.storyboard */; };
		AAF9EC68235939A400B2677B /* MovieViewController.swift in Sources */ = {isa = PBXBuildFile; fileRef = AAF9EC67235939A400B2677B /* MovieViewController.swift */; };
		AAF9EC6C2359510200B2677B /* MovieCell.swift in Sources */ = {isa = PBXBuildFile; fileRef = AAF9EC6B2359510200B2677B /* MovieCell.swift */; };
/* End PBXBuildFile section */

/* Begin PBXCopyFilesBuildPhase section */
		AA143428235FA5AF0009437C /* Embed Frameworks */ = {
			isa = PBXCopyFilesBuildPhase;
			buildActionMask = 2147483647;
			dstPath = "";
			dstSubfolderSpec = 10;
			files = (
				AA143427235FA5AF0009437C /* Pods_Flix.framework in Embed Frameworks */,
			);
			name = "Embed Frameworks";
			runOnlyForDeploymentPostprocessing = 0;
		};
/* End PBXCopyFilesBuildPhase section */

/* Begin PBXFileReference section */
		95BD31755EDB027598F19EB7 /* Pods-Flix.release.xcconfig */ = {isa = PBXFileReference; includeInIndex = 1; lastKnownFileType = text.xcconfig; name = "Pods-Flix.release.xcconfig"; path = "Target Support Files/Pods-Flix/Pods-Flix.release.xcconfig"; sourceTree = "<group>"; };
		A0367FE5560261676295A00F /* Pods_Flix.framework */ = {isa = PBXFileReference; explicitFileType = wrapper.framework; includeInIndex = 0; path = Pods_Flix.framework; sourceTree = BUILT_PRODUCTS_DIR; };
		AA1156BD2363D97F00169930 /* MovieGridViewController.swift */ = {isa = PBXFileReference; lastKnownFileType = sourcecode.swift; path = MovieGridViewController.swift; sourceTree = "<group>"; };
		AA1156BF2363EE6600169930 /* MovieGridCell.swift */ = {isa = PBXFileReference; lastKnownFileType = sourcecode.swift; path = MovieGridCell.swift; sourceTree = "<group>"; };
		AA64D3D62362839A00F18E03 /* MovieDetailsViewController.swift */ = {isa = PBXFileReference; lastKnownFileType = sourcecode.swift; path = MovieDetailsViewController.swift; sourceTree = "<group>"; };
		AAF9EC4E235938A100B2677B /* Flix.app */ = {isa = PBXFileReference; explicitFileType = wrapper.application; includeInIndex = 0; path = Flix.app; sourceTree = BUILT_PRODUCTS_DIR; };
		AAF9EC51235938A200B2677B /* AppDelegate.swift */ = {isa = PBXFileReference; lastKnownFileType = sourcecode.swift; path = AppDelegate.swift; sourceTree = "<group>"; };
		AAF9EC53235938A200B2677B /* SceneDelegate.swift */ = {isa = PBXFileReference; lastKnownFileType = sourcecode.swift; path = SceneDelegate.swift; sourceTree = "<group>"; };
		AAF9EC58235938A200B2677B /* Base */ = {isa = PBXFileReference; lastKnownFileType = file.storyboard; name = Base; path = Base.lproj/Main.storyboard; sourceTree = "<group>"; };
		AAF9EC5A235938A400B2677B /* Assets.xcassets */ = {isa = PBXFileReference; lastKnownFileType = folder.assetcatalog; path = Assets.xcassets; sourceTree = "<group>"; };
		AAF9EC5D235938A400B2677B /* Base */ = {isa = PBXFileReference; lastKnownFileType = file.storyboard; name = Base; path = Base.lproj/LaunchScreen.storyboard; sourceTree = "<group>"; };
		AAF9EC5F235938A400B2677B /* Info.plist */ = {isa = PBXFileReference; lastKnownFileType = text.plist.xml; path = Info.plist; sourceTree = "<group>"; };
		AAF9EC67235939A400B2677B /* MovieViewController.swift */ = {isa = PBXFileReference; lastKnownFileType = sourcecode.swift; path = MovieViewController.swift; sourceTree = "<group>"; };
		AAF9EC6B2359510200B2677B /* MovieCell.swift */ = {isa = PBXFileReference; lastKnownFileType = sourcecode.swift; path = MovieCell.swift; sourceTree = "<group>"; };
		E08DE3B1086D567D3B1C70BA /* Pods-Flix.debug.xcconfig */ = {isa = PBXFileReference; includeInIndex = 1; lastKnownFileType = text.xcconfig; name = "Pods-Flix.debug.xcconfig"; path = "Target Support Files/Pods-Flix/Pods-Flix.debug.xcconfig"; sourceTree = "<group>"; };
/* End PBXFileReference section */

/* Begin PBXFrameworksBuildPhase section */
		AAF9EC4B235938A100B2677B /* Frameworks */ = {
			isa = PBXFrameworksBuildPhase;
			buildActionMask = 2147483647;
			files = (
				AA143426235FA5AF0009437C /* Pods_Flix.framework in Frameworks */,
			);
			runOnlyForDeploymentPostprocessing = 0;
		};
/* End PBXFrameworksBuildPhase section */

/* Begin PBXGroup section */
		4D83A2F95DFA2E80E3C4A7E2 /* Frameworks */ = {
			isa = PBXGroup;
			children = (
				A0367FE5560261676295A00F /* Pods_Flix.framework */,
			);
			name = Frameworks;
			sourceTree = "<group>";
		};
		AA64D3D8236283BB00F18E03 /* Controllers */ = {
			isa = PBXGroup;
			children = (
				AA1156BD2363D97F00169930 /* MovieGridViewController.swift */,
				AA64D3D62362839A00F18E03 /* MovieDetailsViewController.swift */,
				AAF9EC67235939A400B2677B /* MovieViewController.swift */,
			);
			path = Controllers;
			sourceTree = "<group>";
		};
		AAF9EC45235938A100B2677B = {
			isa = PBXGroup;
			children = (
				AAF9EC50235938A100B2677B /* Flix */,
				AAF9EC4F235938A100B2677B /* Products */,
				CC085F77E397A99CBEC1D35E /* Pods */,
				4D83A2F95DFA2E80E3C4A7E2 /* Frameworks */,
			);
			sourceTree = "<group>";
		};
		AAF9EC4F235938A100B2677B /* Products */ = {
			isa = PBXGroup;
			children = (
				AAF9EC4E235938A100B2677B /* Flix.app */,
			);
			name = Products;
			sourceTree = "<group>";
		};
		AAF9EC50235938A100B2677B /* Flix */ = {
			isa = PBXGroup;
			children = (
				AAF9EC6B2359510200B2677B /* MovieCell.swift */,
				AAF9EC51235938A200B2677B /* AppDelegate.swift */,
				AAF9EC57235938A200B2677B /* Main.storyboard */,
				AA1156BF2363EE6600169930 /* MovieGridCell.swift */,
				AA64D3D8236283BB00F18E03 /* Controllers */,
				AAF9EC5A235938A400B2677B /* Assets.xcassets */,
				AAF9EC53235938A200B2677B /* SceneDelegate.swift */,
				AAF9EC5C235938A400B2677B /* LaunchScreen.storyboard */,
				AAF9EC5F235938A400B2677B /* Info.plist */,
			);
			path = Flix;
			sourceTree = "<group>";
		};
		CC085F77E397A99CBEC1D35E /* Pods */ = {
			isa = PBXGroup;
			children = (
				E08DE3B1086D567D3B1C70BA /* Pods-Flix.debug.xcconfig */,
				95BD31755EDB027598F19EB7 /* Pods-Flix.release.xcconfig */,
			);
			path = Pods;
			sourceTree = "<group>";
		};
/* End PBXGroup section */

/* Begin PBXNativeTarget section */
		AAF9EC4D235938A100B2677B /* Flix */ = {
			isa = PBXNativeTarget;
			buildConfigurationList = AAF9EC62235938A400B2677B /* Build configuration list for PBXNativeTarget "Flix" */;
			buildPhases = (
				A9F516747190334E37939BCD /* [CP] Check Pods Manifest.lock */,
				AAF9EC4A235938A100B2677B /* Sources */,
				AAF9EC4B235938A100B2677B /* Frameworks */,
				AAF9EC4C235938A100B2677B /* Resources */,
				58A55B1D66973968A1DC82E9 /* [CP] Embed Pods Frameworks */,
				AA143428235FA5AF0009437C /* Embed Frameworks */,
			);
			buildRules = (
			);
			dependencies = (
			);
			name = Flix;
			productName = Flix;
			productReference = AAF9EC4E235938A100B2677B /* Flix.app */;
			productType = "com.apple.product-type.application";
		};
/* End PBXNativeTarget section */

/* Begin PBXProject section */
		AAF9EC46235938A100B2677B /* Project object */ = {
			isa = PBXProject;
			attributes = {
				LastSwiftUpdateCheck = 1110;
				LastUpgradeCheck = 1110;
				ORGANIZATIONNAME = valle.co;
				TargetAttributes = {
					AAF9EC4D235938A100B2677B = {
						CreatedOnToolsVersion = 11.1;
					};
				};
			};
			buildConfigurationList = AAF9EC49235938A100B2677B /* Build configuration list for PBXProject "Flix 11.57.13 PM" */;
			compatibilityVersion = "Xcode 9.3";
			developmentRegion = en;
			hasScannedForEncodings = 0;
			knownRegions = (
				en,
				Base,
			);
			mainGroup = AAF9EC45235938A100B2677B;
			productRefGroup = AAF9EC4F235938A100B2677B /* Products */;
			projectDirPath = "";
			projectRoot = "";
			targets = (
				AAF9EC4D235938A100B2677B /* Flix */,
			);
		};
/* End PBXProject section */

/* Begin PBXResourcesBuildPhase section */
		AAF9EC4C235938A100B2677B /* Resources */ = {
			isa = PBXResourcesBuildPhase;
			buildActionMask = 2147483647;
			files = (
				AAF9EC5E235938A400B2677B /* LaunchScreen.storyboard in Resources */,
				AAF9EC5B235938A400B2677B /* Assets.xcassets in Resources */,
				AAF9EC59235938A200B2677B /* Main.storyboard in Resources */,
			);
			runOnlyForDeploymentPostprocessing = 0;
		};
/* End PBXResourcesBuildPhase section */

/* Begin PBXShellScriptBuildPhase section */
		58A55B1D66973968A1DC82E9 /* [CP] Embed Pods Frameworks */ = {
			isa = PBXShellScriptBuildPhase;
			buildActionMask = 2147483647;
			files = (
			);
			inputFileListPaths = (
				"${PODS_ROOT}/Target Support Files/Pods-Flix/Pods-Flix-frameworks-${CONFIGURATION}-input-files.xcfilelist",
			);
			name = "[CP] Embed Pods Frameworks";
			outputFileListPaths = (
				"${PODS_ROOT}/Target Support Files/Pods-Flix/Pods-Flix-frameworks-${CONFIGURATION}-output-files.xcfilelist",
			);
			runOnlyForDeploymentPostprocessing = 0;
			shellPath = /bin/sh;
			shellScript = "\"${PODS_ROOT}/Target Support Files/Pods-Flix/Pods-Flix-frameworks.sh\"\n";
			showEnvVarsInLog = 0;
		};
		A9F516747190334E37939BCD /* [CP] Check Pods Manifest.lock */ = {
			isa = PBXShellScriptBuildPhase;
			buildActionMask = 2147483647;
			files = (
			);
			inputFileListPaths = (
			);
			inputPaths = (
				"${PODS_PODFILE_DIR_PATH}/Podfile.lock",
				"${PODS_ROOT}/Manifest.lock",
			);
			name = "[CP] Check Pods Manifest.lock";
			outputFileListPaths = (
			);
			outputPaths = (
				"$(DERIVED_FILE_DIR)/Pods-Flix-checkManifestLockResult.txt",
			);
			runOnlyForDeploymentPostprocessing = 0;
			shellPath = /bin/sh;
			shellScript = "diff \"${PODS_PODFILE_DIR_PATH}/Podfile.lock\" \"${PODS_ROOT}/Manifest.lock\" > /dev/null\nif [ $? != 0 ] ; then\n    # print error to STDERR\n    echo \"error: The sandbox is not in sync with the Podfile.lock. Run 'pod install' or update your CocoaPods installation.\" >&2\n    exit 1\nfi\n# This output is used by Xcode 'outputs' to avoid re-running this script phase.\necho \"SUCCESS\" > \"${SCRIPT_OUTPUT_FILE_0}\"\n";
			showEnvVarsInLog = 0;
		};
/* End PBXShellScriptBuildPhase section */

/* Begin PBXSourcesBuildPhase section */
		AAF9EC4A235938A100B2677B /* Sources */ = {
			isa = PBXSourcesBuildPhase;
			buildActionMask = 2147483647;
			files = (
				AA64D3D72362839A00F18E03 /* MovieDetailsViewController.swift in Sources */,
				AAF9EC52235938A200B2677B /* AppDelegate.swift in Sources */,
				AAF9EC54235938A200B2677B /* SceneDelegate.swift in Sources */,
				AAF9EC6C2359510200B2677B /* MovieCell.swift in Sources */,
				AAF9EC68235939A400B2677B /* MovieViewController.swift in Sources */,
				AA1156BE2363D97F00169930 /* MovieGridViewController.swift in Sources */,
				AA1156C02363EE6600169930 /* MovieGridCell.swift in Sources */,
			);
			runOnlyForDeploymentPostprocessing = 0;
		};
/* End PBXSourcesBuildPhase section */

/* Begin PBXVariantGroup section */
		AAF9EC57235938A200B2677B /* Main.storyboard */ = {
			isa = PBXVariantGroup;
			children = (
				AAF9EC58235938A200B2677B /* Base */,
			);
			name = Main.storyboard;
			sourceTree = "<group>";
		};
		AAF9EC5C235938A400B2677B /* LaunchScreen.storyboard */ = {
			isa = PBXVariantGroup;
			children = (
				AAF9EC5D235938A400B2677B /* Base */,
			);
			name = LaunchScreen.storyboard;
			sourceTree = "<group>";
		};
/* End PBXVariantGroup section */

/* Begin XCBuildConfiguration section */
		AAF9EC60235938A400B2677B /* Debug */ = {
			isa = XCBuildConfiguration;
			buildSettings = {
				ALWAYS_SEARCH_USER_PATHS = NO;
				CLANG_ANALYZER_NONNULL = YES;
				CLANG_ANALYZER_NUMBER_OBJECT_CONVERSION = YES_AGGRESSIVE;
				CLANG_CXX_LANGUAGE_STANDARD = "gnu++14";
				CLANG_CXX_LIBRARY = "libc++";
				CLANG_ENABLE_MODULES = YES;
				CLANG_ENABLE_OBJC_ARC = YES;
				CLANG_ENABLE_OBJC_WEAK = YES;
				CLANG_WARN_BLOCK_CAPTURE_AUTORELEASING = YES;
				CLANG_WARN_BOOL_CONVERSION = YES;
				CLANG_WARN_COMMA = YES;
				CLANG_WARN_CONSTANT_CONVERSION = YES;
				CLANG_WARN_DEPRECATED_OBJC_IMPLEMENTATIONS = YES;
				CLANG_WARN_DIRECT_OBJC_ISA_USAGE = YES_ERROR;
				CLANG_WARN_DOCUMENTATION_COMMENTS = YES;
				CLANG_WARN_EMPTY_BODY = YES;
				CLANG_WARN_ENUM_CONVERSION = YES;
				CLANG_WARN_INFINITE_RECURSION = YES;
				CLANG_WARN_INT_CONVERSION = YES;
				CLANG_WARN_NON_LITERAL_NULL_CONVERSION = YES;
				CLANG_WARN_OBJC_IMPLICIT_RETAIN_SELF = YES;
				CLANG_WARN_OBJC_LITERAL_CONVERSION = YES;
				CLANG_WARN_OBJC_ROOT_CLASS = YES_ERROR;
				CLANG_WARN_RANGE_LOOP_ANALYSIS = YES;
				CLANG_WARN_STRICT_PROTOTYPES = YES;
				CLANG_WARN_SUSPICIOUS_MOVE = YES;
				CLANG_WARN_UNGUARDED_AVAILABILITY = YES_AGGRESSIVE;
				CLANG_WARN_UNREACHABLE_CODE = YES;
				CLANG_WARN__DUPLICATE_METHOD_MATCH = YES;
				COPY_PHASE_STRIP = NO;
				DEBUG_INFORMATION_FORMAT = dwarf;
				ENABLE_STRICT_OBJC_MSGSEND = YES;
				ENABLE_TESTABILITY = YES;
				GCC_C_LANGUAGE_STANDARD = gnu11;
				GCC_DYNAMIC_NO_PIC = NO;
				GCC_NO_COMMON_BLOCKS = YES;
				GCC_OPTIMIZATION_LEVEL = 0;
				GCC_PREPROCESSOR_DEFINITIONS = (
					"DEBUG=1",
					"$(inherited)",
				);
				GCC_WARN_64_TO_32_BIT_CONVERSION = YES;
				GCC_WARN_ABOUT_RETURN_TYPE = YES_ERROR;
				GCC_WARN_UNDECLARED_SELECTOR = YES;
				GCC_WARN_UNINITIALIZED_AUTOS = YES_AGGRESSIVE;
				GCC_WARN_UNUSED_FUNCTION = YES;
				GCC_WARN_UNUSED_VARIABLE = YES;
				IPHONEOS_DEPLOYMENT_TARGET = 13.1;
				MTL_ENABLE_DEBUG_INFO = INCLUDE_SOURCE;
				MTL_FAST_MATH = YES;
				ONLY_ACTIVE_ARCH = YES;
				SDKROOT = iphoneos;
				SWIFT_ACTIVE_COMPILATION_CONDITIONS = DEBUG;
				SWIFT_OPTIMIZATION_LEVEL = "-Onone";
			};
			name = Debug;
		};
		AAF9EC61235938A400B2677B /* Release */ = {
			isa = XCBuildConfiguration;
			buildSettings = {
				ALWAYS_SEARCH_USER_PATHS = NO;
				CLANG_ANALYZER_NONNULL = YES;
				CLANG_ANALYZER_NUMBER_OBJECT_CONVERSION = YES_AGGRESSIVE;
				CLANG_CXX_LANGUAGE_STANDARD = "gnu++14";
				CLANG_CXX_LIBRARY = "libc++";
				CLANG_ENABLE_MODULES = YES;
				CLANG_ENABLE_OBJC_ARC = YES;
				CLANG_ENABLE_OBJC_WEAK = YES;
				CLANG_WARN_BLOCK_CAPTURE_AUTORELEASING = YES;
				CLANG_WARN_BOOL_CONVERSION = YES;
				CLANG_WARN_COMMA = YES;
				CLANG_WARN_CONSTANT_CONVERSION = YES;
				CLANG_WARN_DEPRECATED_OBJC_IMPLEMENTATIONS = YES;
				CLANG_WARN_DIRECT_OBJC_ISA_USAGE = YES_ERROR;
				CLANG_WARN_DOCUMENTATION_COMMENTS = YES;
				CLANG_WARN_EMPTY_BODY = YES;
				CLANG_WARN_ENUM_CONVERSION = YES;
				CLANG_WARN_INFINITE_RECURSION = YES;
				CLANG_WARN_INT_CONVERSION = YES;
				CLANG_WARN_NON_LITERAL_NULL_CONVERSION = YES;
				CLANG_WARN_OBJC_IMPLICIT_RETAIN_SELF = YES;
				CLANG_WARN_OBJC_LITERAL_CONVERSION = YES;
				CLANG_WARN_OBJC_ROOT_CLASS = YES_ERROR;
				CLANG_WARN_RANGE_LOOP_ANALYSIS = YES;
				CLANG_WARN_STRICT_PROTOTYPES = YES;
				CLANG_WARN_SUSPICIOUS_MOVE = YES;
				CLANG_WARN_UNGUARDED_AVAILABILITY = YES_AGGRESSIVE;
				CLANG_WARN_UNREACHABLE_CODE = YES;
				CLANG_WARN__DUPLICATE_METHOD_MATCH = YES;
				COPY_PHASE_STRIP = NO;
				DEBUG_INFORMATION_FORMAT = "dwarf-with-dsym";
				ENABLE_NS_ASSERTIONS = NO;
				ENABLE_STRICT_OBJC_MSGSEND = YES;
				GCC_C_LANGUAGE_STANDARD = gnu11;
				GCC_NO_COMMON_BLOCKS = YES;
				GCC_WARN_64_TO_32_BIT_CONVERSION = YES;
				GCC_WARN_ABOUT_RETURN_TYPE = YES_ERROR;
				GCC_WARN_UNDECLARED_SELECTOR = YES;
				GCC_WARN_UNINITIALIZED_AUTOS = YES_AGGRESSIVE;
				GCC_WARN_UNUSED_FUNCTION = YES;
				GCC_WARN_UNUSED_VARIABLE = YES;
				IPHONEOS_DEPLOYMENT_TARGET = 13.1;
				MTL_ENABLE_DEBUG_INFO = NO;
				MTL_FAST_MATH = YES;
				SDKROOT = iphoneos;
				SWIFT_COMPILATION_MODE = wholemodule;
				SWIFT_OPTIMIZATION_LEVEL = "-O";
				VALIDATE_PRODUCT = YES;
			};
			name = Release;
		};
		AAF9EC63235938A400B2677B /* Debug */ = {
			isa = XCBuildConfiguration;
			baseConfigurationReference = E08DE3B1086D567D3B1C70BA /* Pods-Flix.debug.xcconfig */;
			buildSettings = {
				ASSETCATALOG_COMPILER_APPICON_NAME = AppIcon;
				CODE_SIGN_IDENTITY = "Apple Development";
				CODE_SIGN_STYLE = Automatic;
				DEVELOPMENT_TEAM = Z22C9L53QJ;
				INFOPLIST_FILE = Flix/Info.plist;
				IPHONEOS_DEPLOYMENT_TARGET = 13.0;
				LD_RUNPATH_SEARCH_PATHS = (
					"$(inherited)",
					"@executable_path/Frameworks",
				);
				PRODUCT_BUNDLE_IDENTIFIER = SUPER.Flix;
				PRODUCT_NAME = "$(TARGET_NAME)";
				PROVISIONING_PROFILE_SPECIFIER = "";
				SWIFT_VERSION = 5.0;
				TARGETED_DEVICE_FAMILY = "1,2";
			};
			name = Debug;
		};
		AAF9EC64235938A400B2677B /* Release */ = {
			isa = XCBuildConfiguration;
			baseConfigurationReference = 95BD31755EDB027598F19EB7 /* Pods-Flix.release.xcconfig */;
			buildSettings = {
				ASSETCATALOG_COMPILER_APPICON_NAME = AppIcon;
				CODE_SIGN_IDENTITY = "Apple Development";
				CODE_SIGN_STYLE = Automatic;
				DEVELOPMENT_TEAM = Z22C9L53QJ;
				INFOPLIST_FILE = Flix/Info.plist;
				IPHONEOS_DEPLOYMENT_TARGET = 13.0;
				LD_RUNPATH_SEARCH_PATHS = (
					"$(inherited)",
					"@executable_path/Frameworks",
				);
				PRODUCT_BUNDLE_IDENTIFIER = SUPER.Flix;
				PRODUCT_NAME = "$(TARGET_NAME)";
				PROVISIONING_PROFILE_SPECIFIER = "";
				SWIFT_VERSION = 5.0;
				TARGETED_DEVICE_FAMILY = "1,2";
			};
			name = Release;
		};
/* End XCBuildConfiguration section */

/* Begin XCConfigurationList section */
		AAF9EC49235938A100B2677B /* Build configuration list for PBXProject "Flix 11.57.13 PM" */ = {
			isa = XCConfigurationList;
			buildConfigurations = (
				AAF9EC60235938A400B2677B /* Debug */,
				AAF9EC61235938A400B2677B /* Release */,
			);
			defaultConfigurationIsVisible = 0;
			defaultConfigurationName = Release;
		};
		AAF9EC62235938A400B2677B /* Build configuration list for PBXNativeTarget "Flix" */ = {
			isa = XCConfigurationList;
			buildConfigurations = (
				AAF9EC63235938A400B2677B /* Debug */,
				AAF9EC64235938A400B2677B /* Release */,
			);
			defaultConfigurationIsVisible = 0;
			defaultConfigurationName = Release;
		};
/* End XCConfigurationList section */
	};
	rootObject = AAF9EC46235938A100B2677B /* Project object */;
}
